
Microsoft Visual Studio Solution File, Format Version 12.00
# Visual Studio 15
VisualStudioVersion = 15.0.28010.2016
MinimumVisualStudioVersion = 10.0.40219.1
Project("{FAE04EC0-301F-11D3-BF4B-00C04F79EFBC}") = "Ex42 – Implementing Layers", "Ex42 – Implementing Layers\Ex42 – Implementing Layers.csproj", "{60BD97BF-7D03-4D9B-8C0B-09DA9A321A22}"
EndProject
Project("{FAE04EC0-301F-11D3-BF4B-00C04F79EFBC}") = "View_WPF", "View_WPF\View_WPF.csproj", "{C76B69D1-E5C2-4F52-B487-C6B846508DD0}"
EndProject
Global
	GlobalSection(SolutionConfigurationPlatforms) = preSolution
		Debug|Any CPU = Debug|Any CPU
		Release|Any CPU = Release|Any CPU
	EndGlobalSection
	GlobalSection(ProjectConfigurationPlatforms) = postSolution
		{60BD97BF-7D03-4D9B-8C0B-09DA9A321A22}.Debug|Any CPU.ActiveCfg = Debug|Any CPU
		{60BD97BF-7D03-4D9B-8C0B-09DA9A321A22}.Debug|Any CPU.Build.0 = Debug|Any CPU
		{60BD97BF-7D03-4D9B-8C0B-09DA9A321A22}.Release|Any CPU.ActiveCfg = Release|Any CPU
		{60BD97BF-7D03-4D9B-8C0B-09DA9A321A22}.Release|Any CPU.Build.0 = Release|Any CPU
		{C76B69D1-E5C2-4F52-B487-C6B846508DD0}.Debug|Any CPU.ActiveCfg = Debug|Any CPU
		{C76B69D1-E5C2-4F52-B487-C6B846508DD0}.Debug|Any CPU.Build.0 = Debug|Any CPU
		{C76B69D1-E5C2-4F52-B487-C6B846508DD0}.Release|Any CPU.ActiveCfg = Release|Any CPU
		{C76B69D1-E5C2-4F52-B487-C6B846508DD0}.Release|Any CPU.Build.0 = Release|Any CPU
	EndGlobalSection
	GlobalSection(SolutionProperties) = preSolution
		HideSolutionNode = FALSE
	EndGlobalSection
	GlobalSection(ExtensibilityGlobals) = postSolution
		SolutionGuid = {E9E6C765-38CD-4141-A353-D9B2FBAF3AF8}
	EndGlobalSection
EndGlobal
